{
  "version": 4,
  "terraform_version": "1.3.9",
  "serial": 175,
  "lineage": "f6f5061e-780b-9ef0-21d0-fd0fefd13f0d",
  "outputs": {
    "lambda_url": {
      "value": "https://y7fww66thpkp6bg526ujibkxgi0jefac.lambda-url.ca-central-1.on.aws/",
      "type": "string"
    }
  },
  "resources": [
    {
      "mode": "data",
      "type": "archive_file",
      "name": "lambda",
      "provider": "provider[\"registry.terraform.io/hashicorp/archive\"]",
      "instances": [
        {
          "schema_version": 0,
          "attributes": {
            "exclude_symlink_directories": null,
            "excludes": null,
            "id": "dafbebe588926b8d0164bb0a10212d2e5ce71b1f",
            "output_base64sha256": "+17IbuZlC4d+kIuex8chnbvCZTF9ikNz3xKaZeNznbs=",
            "output_base64sha512": "U0d/PfBZ8qDimI12FC9gcLv0G1W3gDVcaAOxScsH/QM/GeUHfwX59wcbFxvdbFrlgSoPhiGSI5cpgOr0UMZXuw==",
            "output_file_mode": null,
            "output_md5": "4c8f32cfbc5a77557fe4b00675d81dbc",
            "output_path": "../get-word/artifact.zip",
            "output_sha": "dafbebe588926b8d0164bb0a10212d2e5ce71b1f",
            "output_sha256": "fb5ec86ee6650b877e908b9ec7c7219dbbc265317d8a4373df129a65e3739dbb",
            "output_sha512": "53477f3df059f2a0e2988d76142f6070bbf41b55b780355c6803b149cb07fd033f19e5077f05f9f7071b171bdd6c5ae5812a0f86219223972980eaf450c657bb",
            "output_size": 461,
            "source": [],
            "source_content": null,
            "source_content_filename": null,
            "source_dir": null,
            "source_file": "../get-word/main.py",
            "type": "zip"
          },
          "sensitive_attributes": []
        }
      ]
    },
    {
      "mode": "managed",
      "type": "aws_iam_policy",
      "name": "logs",
      "provider": "provider[\"registry.terraform.io/hashicorp/aws\"]",
      "instances": [
        {
          "schema_version": 0,
          "attributes": {
            "arn": "arn:aws:iam::689224958810:policy/lambda-logging-get-word",
            "description": "IAM policy for logging from a lambda",
            "id": "arn:aws:iam::689224958810:policy/lambda-logging-get-word",
            "name": "lambda-logging-get-word",
            "name_prefix": "",
            "path": "/",
            "policy": "{\"Statement\":[{\"Action\":[\"logs:CreateLogGroup\",\"logs:CreateLogStream\",\"logs:PutLogEvents\",\"s3:*\"],\"Effect\":\"Allow\",\"Resource\":[\"*\"]}],\"Version\":\"2012-10-17\"}",
            "policy_id": "ANPA2A6ICINNL5WGCYEFG",
            "tags": {},
            "tags_all": {}
          },
          "sensitive_attributes": [],
          "private": "bnVsbA=="
        }
      ]
    },
    {
      "mode": "managed",
      "type": "aws_iam_role",
      "name": "lambda",
      "provider": "provider[\"registry.terraform.io/hashicorp/aws\"]",
      "instances": [
        {
          "schema_version": 0,
          "attributes": {
            "arn": "arn:aws:iam::689224958810:role/iam-for-lambda-get-word",
            "assume_role_policy": "{\"Statement\":[{\"Action\":\"sts:AssumeRole\",\"Effect\":\"Allow\",\"Principal\":{\"Service\":\"lambda.amazonaws.com\"},\"Sid\":\"\"}],\"Version\":\"2012-10-17\"}",
            "create_date": "2023-08-08T06:50:45Z",
            "description": "",
            "force_detach_policies": false,
            "id": "iam-for-lambda-get-word",
            "inline_policy": [],
            "managed_policy_arns": [
              "arn:aws:iam::689224958810:policy/lambda-logging-get-word"
            ],
            "max_session_duration": 3600,
            "name": "iam-for-lambda-get-word",
            "name_prefix": "",
            "path": "/",
            "permissions_boundary": null,
            "tags": {},
            "tags_all": {},
            "unique_id": "AROA2A6ICINNB5IUNDJEA"
          },
          "sensitive_attributes": [],
          "private": "bnVsbA=="
        }
      ]
    },
    {
      "mode": "managed",
      "type": "aws_iam_role_policy_attachment",
      "name": "lambda_logs",
      "provider": "provider[\"registry.terraform.io/hashicorp/aws\"]",
      "instances": [
        {
          "schema_version": 0,
          "attributes": {
            "id": "iam-for-lambda-get-word-20230808065046221500000001",
            "policy_arn": "arn:aws:iam::689224958810:policy/lambda-logging-get-word",
            "role": "iam-for-lambda-get-word"
          },
          "sensitive_attributes": [],
          "private": "bnVsbA==",
          "dependencies": [
            "aws_iam_policy.logs",
            "aws_iam_role.lambda"
          ]
        }
      ]
    },
    {
      "mode": "managed",
      "type": "aws_lambda_function",
      "name": "lambda",
      "provider": "provider[\"registry.terraform.io/hashicorp/aws\"]",
      "instances": [
        {
          "schema_version": 0,
          "attributes": {
            "architectures": [
              "x86_64"
            ],
            "arn": "arn:aws:lambda:ca-central-1:689224958810:function:get-word",
            "code_signing_config_arn": "",
            "dead_letter_config": [],
            "description": "",
            "environment": [],
            "ephemeral_storage": [
              {
                "size": 512
              }
            ],
            "file_system_config": [],
            "filename": "../get-word/artifact.zip",
            "function_name": "get-word",
            "handler": "main.get_word_handler",
            "id": "get-word",
            "image_config": [],
            "image_uri": "",
            "invoke_arn": "arn:aws:apigateway:ca-central-1:lambda:path/2015-03-31/functions/arn:aws:lambda:ca-central-1:689224958810:function:get-word/invocations",
            "kms_key_arn": "",
            "last_modified": "2023-08-10T08:04:16.000+0000",
            "layers": [],
            "memory_size": 128,
            "package_type": "Zip",
            "publish": false,
            "qualified_arn": "arn:aws:lambda:ca-central-1:689224958810:function:get-word:$LATEST",
            "qualified_invoke_arn": "arn:aws:apigateway:ca-central-1:lambda:path/2015-03-31/functions/arn:aws:lambda:ca-central-1:689224958810:function:get-word:$LATEST/invocations",
            "replace_security_groups_on_destroy": null,
            "replacement_security_group_ids": null,
            "reserved_concurrent_executions": -1,
            "role": "arn:aws:iam::689224958810:role/iam-for-lambda-get-word",
            "runtime": "python3.9",
            "s3_bucket": "",
            "s3_key": "",
            "s3_object_version": null,
            "signing_job_arn": "",
            "signing_profile_version_arn": "",
            "skip_destroy": false,
            "snap_start": [],
            "source_code_hash": "+17IbuZlC4d+kIuex8chnbvCZTF9ikNz3xKaZeNznbs=",
            "source_code_size": 461,
            "tags": {},
            "tags_all": {},
            "timeout": 3,
            "timeouts": null,
            "tracing_config": [
              {
                "mode": "PassThrough"
              }
            ],
            "version": "$LATEST",
            "vpc_config": []
          },
          "sensitive_attributes": [],
          "private": "eyJlMmJmYjczMC1lY2FhLTExZTYtOGY4OC0zNDM2M2JjN2M0YzAiOnsiY3JlYXRlIjo2MDAwMDAwMDAwMDAsImRlbGV0ZSI6NjAwMDAwMDAwMDAwLCJ1cGRhdGUiOjYwMDAwMDAwMDAwMH19",
          "dependencies": [
            "aws_iam_role.lambda",
            "data.archive_file.lambda"
          ]
        }
      ]
    },
    {
      "mode": "managed",
      "type": "aws_lambda_function_url",
      "name": "url",
      "provider": "provider[\"registry.terraform.io/hashicorp/aws\"]",
      "instances": [
        {
          "schema_version": 0,
          "attributes": {
            "authorization_type": "NONE",
            "cors": [
              {
                "allow_credentials": true,
                "allow_headers": [
                  "*"
                ],
                "allow_methods": [
                  "GET"
                ],
                "allow_origins": [
                  "*"
                ],
                "expose_headers": [
                  "date",
                  "keep-alive"
                ],
                "max_age": 0
              }
            ],
            "function_arn": "arn:aws:lambda:ca-central-1:689224958810:function:get-word",
            "function_name": "get-word",
            "function_url": "https://y7fww66thpkp6bg526ujibkxgi0jefac.lambda-url.ca-central-1.on.aws/",
            "id": "get-word",
            "invoke_mode": "BUFFERED",
            "qualifier": "",
            "timeouts": null,
            "url_id": "y7fww66thpkp6bg526ujibkxgi0jefac"
          },
          "sensitive_attributes": [],
          "private": "eyJlMmJmYjczMC1lY2FhLTExZTYtOGY4OC0zNDM2M2JjN2M0YzAiOnsiY3JlYXRlIjo2MDAwMDAwMDAwMDB9fQ==",
          "dependencies": [
            "aws_iam_role.lambda",
            "aws_lambda_function.lambda",
            "data.archive_file.lambda"
          ]
        }
      ]
    }
  ],
  "check_results": null
}
